// !$*UTF8*$!
{
	archiveVersion = 1;
	classes = {
	};
	objectVersion = 46;
	objects = {

/* Begin PBXBuildFile section */
		6202A3741F156278002F9703 /* AppDelegate.swift in Sources */ = {isa = PBXBuildFile; fileRef = 6202A3731F156278002F9703 /* AppDelegate.swift */; };
		6202A3761F156278002F9703 /* ViewController.swift in Sources */ = {isa = PBXBuildFile; fileRef = 6202A3751F156278002F9703 /* ViewController.swift */; };
		6202A3781F156278002F9703 /* Document.swift in Sources */ = {isa = PBXBuildFile; fileRef = 6202A3771F156278002F9703 /* Document.swift */; };
		6202A37A1F156278002F9703 /* Assets.xcassets in Resources */ = {isa = PBXBuildFile; fileRef = 6202A3791F156278002F9703 /* Assets.xcassets */; };
		6202A37D1F156278002F9703 /* Main.storyboard in Resources */ = {isa = PBXBuildFile; fileRef = 6202A37B1F156278002F9703 /* Main.storyboard */; };
/* End PBXBuildFile section */

/* Begin PBXFileReference section */
		6202A3701F156278002F9703 /* ComicsParser.app */ = {isa = PBXFileReference; explicitFileType = wrapper.application; includeInIndex = 0; path = ComicsParser.app; sourceTree = BUILT_PRODUCTS_DIR; };
		6202A3731F156278002F9703 /* AppDelegate.swift */ = {isa = PBXFileReference; lastKnownFileType = sourcecode.swift; path = AppDelegate.swift; sourceTree = "<group>"; };
		6202A3751F156278002F9703 /* ViewController.swift */ = {isa = PBXFileReference; lastKnownFileType = sourcecode.swift; path = ViewController.swift; sourceTree = "<group>"; };
		6202A3771F156278002F9703 /* Document.swift */ = {isa = PBXFileReference; lastKnownFileType = sourcecode.swift; path = Document.swift; sourceTree = "<group>"; };
		6202A3791F156278002F9703 /* Assets.xcassets */ = {isa = PBXFileReference; lastKnownFileType = folder.assetcatalog; path = Assets.xcassets; sourceTree = "<group>"; };
		6202A37C1F156278002F9703 /* Base */ = {isa = PBXFileReference; lastKnownFileType = file.storyboard; name = Base; path = Base.lproj/Main.storyboard; sourceTree = "<group>"; };
		6202A37E1F156278002F9703 /* Info.plist */ = {isa = PBXFileReference; lastKnownFileType = text.plist.xml; path = Info.plist; sourceTree = "<group>"; };
		6202A3841F1562E6002F9703 /* ComicsParser.entitlements */ = {isa = PBXFileReference; lastKnownFileType = text.plist.entitlements; path = ComicsParser.entitlements; sourceTree = "<group>"; };
/* End PBXFileReference section */

/* Begin PBXFrameworksBuildPhase section */
		6202A36D1F156278002F9703 /* Frameworks */ = {
			isa = PBXFrameworksBuildPhase;
			buildActionMask = 2147483647;
			files = (
			);
			runOnlyForDeploymentPostprocessing = 0;
		};
/* End PBXFrameworksBuildPhase section */

/* Begin PBXGroup section */
		6202A3671F156278002F9703 = {
			isa = PBXGroup;
			children = (
				6202A3721F156278002F9703 /* ComicsParser */,
				6202A3711F156278002F9703 /* Products */,
			);
			sourceTree = "<group>";
		};
		6202A3711F156278002F9703 /* Products */ = {
			isa = PBXGroup;
			children = (
				6202A3701F156278002F9703 /* ComicsParser.app */,
			);
			name = Products;
			sourceTree = "<group>";
		};
		6202A3721F156278002F9703 /* ComicsParser */ = {
			isa = PBXGroup;
			children = (
				6202A3841F1562E6002F9703 /* ComicsParser.entitlements */,
				6202A3731F156278002F9703 /* AppDelegate.swift */,
				6202A3751F156278002F9703 /* ViewController.swift */,
				6202A3771F156278002F9703 /* Document.swift */,
				6202A3791F156278002F9703 /* Assets.xcassets */,
				6202A37B1F156278002F9703 /* Main.storyboard */,
				6202A37E1F156278002F9703 /* Info.plist */,
			);
			path = ComicsParser;
			sourceTree = "<group>";
		};
/* End PBXGroup section */

/* Begin PBXNativeTarget section */
		6202A36F1F156278002F9703 /* ComicsParser */ = {
			isa = PBXNativeTarget;
			buildConfigurationList = 6202A3811F156278002F9703 /* Build configuration list for PBXNativeTarget "ComicsParser" */;
			buildPhases = (
				6202A36C1F156278002F9703 /* Sources */,
				6202A36D1F156278002F9703 /* Frameworks */,
				6202A36E1F156278002F9703 /* Resources */,
			);
			buildRules = (
			);
			dependencies = (
			);
			name = ComicsParser;
			productName = ComicsParser;
			productReference = 6202A3701F156278002F9703 /* ComicsParser.app */;
			productType = "com.apple.product-type.application";
		};
/* End PBXNativeTarget section */

/* Begin PBXProject section */
		6202A3681F156278002F9703 /* Project object */ = {
			isa = PBXProject;
			attributes = {
				LastSwiftUpdateCheck = 0830;
				LastUpgradeCheck = 0830;
				ORGANIZATIONNAME = "Anthony Cooper";
				TargetAttributes = {
					6202A36F1F156278002F9703 = {
						CreatedOnToolsVersion = 8.3.3;
						ProvisioningStyle = Automatic;
						SystemCapabilities = {
							com.apple.Sandbox = {
								enabled = 1;
							};
						};
					};
				};
			};
			buildConfigurationList = 6202A36B1F156278002F9703 /* Build configuration list for PBXProject "ComicsParser" */;
			compatibilityVersion = "Xcode 3.2";
			developmentRegion = English;
			hasScannedForEncodings = 0;
			knownRegions = (
				en,
				Base,
			);
			mainGroup = 6202A3671F156278002F9703;
			productRefGroup = 6202A3711F156278002F9703 /* Products */;
			projectDirPath = "";
			projectRoot = "";
			targets = (
				6202A36F1F156278002F9703 /* ComicsParser */,
			);
		};
/* End PBXProject section */

/* Begin PBXResourcesBuildPhase section */
		6202A36E1F156278002F9703 /* Resources */ = {
			isa = PBXResourcesBuildPhase;
			buildActionMask = 2147483647;
			files = (
				6202A37A1F156278002F9703 /* Assets.xcassets in Resources */,
				6202A37D1F156278002F9703 /* Main.storyboard in Resources */,
			);
			runOnlyForDeploymentPostprocessing = 0;
		};
/* End PBXResourcesBuildPhase section */

/* Begin PBXSourcesBuildPhase section */
		6202A36C1F156278002F9703 /* Sources */ = {
			isa = PBXSourcesBuildPhase;
			buildActionMask = 2147483647;
			files = (
				6202A3761F156278002F9703 /* ViewController.swift in Sources */,
				6202A3741F156278002F9703 /* AppDelegate.swift in Sources */,
				6202A3781F156278002F9703 /* Document.swift in Sources */,
			);
			runOnlyForDeploymentPostprocessing = 0;
		};
/* End PBXSourcesBuildPhase section */

/* Begin PBXVariantGroup section */
		6202A37B1F156278002F9703 /* Main.storyboard */ = {
			isa = PBXVariantGroup;
			children = (
				6202A37C1F156278002F9703 /* Base */,
			);
			name = Main.storyboard;
			sourceTree = "<group>";
		};
/* End PBXVariantGroup section */

/* Begin XCBuildConfiguration section */
		6202A37F1F156278002F9703 /* Debug */ = {
			isa = XCBuildConfiguration;
			buildSettings = {
				ALWAYS_SEARCH_USER_PATHS = NO;
				CLANG_ANALYZER_NONNULL = YES;
				CLANG_ANALYZER_NUMBER_OBJECT_CONVERSION = YES_AGGRESSIVE;
				CLANG_CXX_LANGUAGE_STANDARD = "gnu++0x";
				CLANG_CXX_LIBRARY = "libc++";
				CLANG_ENABLE_MODULES = YES;
				CLANG_ENABLE_OBJC_ARC = YES;
				CLANG_WARN_BOOL_CONVERSION = YES;
				CLANG_WARN_CONSTANT_CONVERSION = YES;
				CLANG_WARN_DIRECT_OBJC_ISA_USAGE = YES_ERROR;
				CLANG_WARN_DOCUMENTATION_COMMENTS = YES;
				CLANG_WARN_EMPTY_BODY = YES;
				CLANG_WARN_ENUM_CONVERSION = YES;
				CLANG_WARN_INFINITE_RECURSION = YES;
				CLANG_WARN_INT_CONVERSION = YES;
				CLANG_WARN_OBJC_ROOT_CLASS = YES_ERROR;
				CLANG_WARN_SUSPICIOUS_MOVE = YES;
				CLANG_WARN_UNREACHABLE_CODE = YES;
				CLANG_WARN__DUPLICATE_METHOD_MATCH = YES;
				CODE_SIGN_IDENTITY = "-";
				COPY_PHASE_STRIP = NO;
				DEBUG_INFORMATION_FORMAT = dwarf;
				ENABLE_STRICT_OBJC_MSGSEND = YES;
				ENABLE_TESTABILITY = YES;
				GCC_C_LANGUAGE_STANDARD = gnu99;
				GCC_DYNAMIC_NO_PIC = NO;
				GCC_NO_COMMON_BLOCKS = YES;
				GCC_OPTIMIZATION_LEVEL = 0;
				GCC_PREPROCESSOR_DEFINITIONS = (
					"DEBUG=1",
					"$(inherited)",
				);
				GCC_WARN_64_TO_32_BIT_CONVERSION = YES;
				GCC_WARN_ABOUT_RETURN_TYPE = YES_ERROR;
				GCC_WARN_UNDECLARED_SELECTOR = YES;
				GCC_WARN_UNINITIALIZED_AUTOS = YES_AGGRESSIVE;
				GCC_WARN_UNUSED_FUNCTION = YES;
				GCC_WARN_UNUSED_VARIABLE = YES;
				MACOSX_DEPLOYMENT_TARGET = 10.12;
				MTL_ENABLE_DEBUG_INFO = YES;
				ONLY_ACTIVE_ARCH = YES;
				SDKROOT = macosx;
				SWIFT_ACTIVE_COMPILATION_CONDITIONS = DEBUG;
				SWIFT_OPTIMIZATION_LEVEL = "-Onone";
			};
			name = Debug;
		};
		6202A3801F156278002F9703 /* Release */ = {
			isa = XCBuildConfiguration;
			buildSettings = {
				ALWAYS_SEARCH_USER_PATHS = NO;
				CLANG_ANALYZER_NONNULL = YES;
				CLANG_ANALYZER_NUMBER_OBJECT_CONVERSION = YES_AGGRESSIVE;
				CLANG_CXX_LANGUAGE_STANDARD = "gnu++0x";
				CLANG_CXX_LIBRARY = "libc++";
				CLANG_ENABLE_MODULES = YES;
				CLANG_ENABLE_OBJC_ARC = YES;
				CLANG_WARN_BOOL_CONVERSION = YES;
				CLANG_WARN_CONSTANT_CONVERSION = YES;
				CLANG_WARN_DIRECT_OBJC_ISA_USAGE = YES_ERROR;
				CLANG_WARN_DOCUMENTATION_COMMENTS = YES;
				CLANG_WARN_EMPTY_BODY = YES;
				CLANG_WARN_ENUM_CONVERSION = YES;
				CLANG_WARN_INFINITE_RECURSION = YES;
				CLANG_WARN_INT_CONVERSION = YES;
				CLANG_WARN_OBJC_ROOT_CLASS = YES_ERROR;
				CLANG_WARN_SUSPICIOUS_MOVE = YES;
				CLANG_WARN_UNREACHABLE_CODE = YES;
				CLANG_WARN__DUPLICATE_METHOD_MATCH = YES;
				CODE_SIGN_IDENTITY = "-";
				COPY_PHASE_STRIP = NO;
				DEBUG_INFORMATION_FORMAT = "dwarf-with-dsym";
				ENABLE_NS_ASSERTIONS = NO;
				ENABLE_STRICT_OBJC_MSGSEND = YES;
				GCC_C_LANGUAGE_STANDARD = gnu99;
				GCC_NO_COMMON_BLOCKS = YES;
				GCC_WARN_64_TO_32_BIT_CONVERSION = YES;
				GCC_WARN_ABOUT_RETURN_TYPE = YES_ERROR;
				GCC_WARN_UNDECLARED_SELECTOR = YES;
				GCC_WARN_UNINITIALIZED_AUTOS = YES_AGGRESSIVE;
				GCC_WARN_UNUSED_FUNCTION = YES;
				GCC_WARN_UNUSED_VARIABLE = YES;
				MACOSX_DEPLOYMENT_TARGET = 10.12;
				MTL_ENABLE_DEBUG_INFO = NO;
				SDKROOT = macosx;
				SWIFT_OPTIMIZATION_LEVEL = "-Owholemodule";
			};
			name = Release;
		};
		6202A3821F156278002F9703 /* Debug */ = {
			isa = XCBuildConfiguration;
			buildSettings = {
				ASSETCATALOG_COMPILER_APPICON_NAME = AppIcon;
				CODE_SIGN_ENTITLEMENTS = ComicsParser/ComicsParser.entitlements;
				COMBINE_HIDPI_IMAGES = YES;
				INFOPLIST_FILE = ComicsParser/Info.plist;
				LD_RUNPATH_SEARCH_PATHS = "$(inherited) @executable_path/../Frameworks";
				PRODUCT_BUNDLE_IDENTIFIER = EtherealComics.ComicsParser;
				PRODUCT_NAME = "$(TARGET_NAME)";
				SWIFT_VERSION = 3.0;
			};
			name = Debug;
		};
		6202A3831F156278002F9703 /* Release */ = {
			isa = XCBuildConfiguration;
			buildSettings = {
				ASSETCATALOG_COMPILER_APPICON_NAME = AppIcon;
				CODE_SIGN_ENTITLEMENTS = ComicsParser/ComicsParser.entitlements;
				COMBINE_HIDPI_IMAGES = YES;
				INFOPLIST_FILE = ComicsParser/Info.plist;
				LD_RUNPATH_SEARCH_PATHS = "$(inherited) @executable_path/../Frameworks";
				PRODUCT_BUNDLE_IDENTIFIER = EtherealComics.ComicsParser;
				PRODUCT_NAME = "$(TARGET_NAME)";
				SWIFT_VERSION = 3.0;
			};
			name = Release;
		};
/* End XCBuildConfiguration section */

/* Begin XCConfigurationList section */
		6202A36B1F156278002F9703 /* Build configuration list for PBXProject "ComicsParser" */ = {
			isa = XCConfigurationList;
			buildConfigurations = (
				6202A37F1F156278002F9703 /* Debug */,
				6202A3801F156278002F9703 /* Release */,
			);
			defaultConfigurationIsVisible = 0;
			defaultConfigurationName = Release;
		};
		6202A3811F156278002F9703 /* Build configuration list for PBXNativeTarget "ComicsParser" */ = {
			isa = XCConfigurationList;
			buildConfigurations = (
				6202A3821F156278002F9703 /* Debug */,
				6202A3831F156278002F9703 /* Release */,
			);
			defaultConfigurationIsVisible = 0;
		};
/* End XCConfigurationList section */
	};
	rootObject = 6202A3681F156278002F9703 /* Project object */;
}
